
Microsoft Visual Studio Solution File, Format Version 12.00
# Visual Studio Version 16
VisualStudioVersion = 16.0.34407.143
MinimumVisualStudioVersion = 10.0.40219.1
Project("{FAE04EC0-301F-11D3-BF4B-00C04F79EFBC}") = "ArecaIPIS", "ArecaIPIS\ArecaIPIS.csproj", "{F81A3F0A-9431-4025-8113-F7156E5B1297}"
EndProject
Global
	GlobalSection(SolutionConfigurationPlatforms) = preSolution
		Debug|Any CPU = Debug|Any CPU
		Release|Any CPU = Release|Any CPU
	EndGlobalSection
	GlobalSection(ProjectConfigurationPlatforms) = postSolution
		{F81A3F0A-9431-4025-8113-F7156E5B1297}.Debug|Any CPU.ActiveCfg = Debug|Any CPU
		{F81A3F0A-9431-4025-8113-F7156E5B1297}.Debug|Any CPU.Build.0 = Debug|Any CPU
		{F81A3F0A-9431-4025-8113-F7156E5B1297}.Release|Any CPU.ActiveCfg = Release|Any CPU
		{F81A3F0A-9431-4025-8113-F7156E5B1297}.Release|Any CPU.Build.0 = Release|Any CPU
	EndGlobalSection
	GlobalSection(SolutionProperties) = preSolution
		HideSolutionNode = FALSE
	EndGlobalSection
	GlobalSection(ExtensibilityGlobals) = postSolution
		SolutionGuid = {F8C01101-99C7-461B-8E41-6127F6732EBE}
	EndGlobalSection
EndGlobal
